// !$*UTF8*$!
{
	archiveVersion = 1;
	classes = {
	};
	objectVersion = 56;
	objects = {

/* Begin PBXBuildFile section */
		96BCCFE02C870085004F7CA7 /* AppDelegate.swift in Sources */ = {isa = PBXBuildFile; fileRef = 96BCCFDF2C870085004F7CA7 /* AppDelegate.swift */; };
		96BCCFE22C870085004F7CA7 /* SceneDelegate.swift in Sources */ = {isa = PBXBuildFile; fileRef = 96BCCFE12C870085004F7CA7 /* SceneDelegate.swift */; };
		96BCCFE42C870085004F7CA7 /* ViewController.swift in Sources */ = {isa = PBXBuildFile; fileRef = 96BCCFE32C870085004F7CA7 /* ViewController.swift */; };
		96BCCFE72C870085004F7CA7 /* Base in Resources */ = {isa = PBXBuildFile; fileRef = 96BCCFE62C870085004F7CA7 /* Base */; };
		96BCCFE92C870087004F7CA7 /* Assets.xcassets in Resources */ = {isa = PBXBuildFile; fileRef = 96BCCFE82C870087004F7CA7 /* Assets.xcassets */; };
		96BCCFEC2C870087004F7CA7 /* Base in Resources */ = {isa = PBXBuildFile; fileRef = 96BCCFEB2C870087004F7CA7 /* Base */; };
		96BCCFF72C870087004F7CA7 /* habit_trackerTests.swift in Sources */ = {isa = PBXBuildFile; fileRef = 96BCCFF62C870087004F7CA7 /* habit_trackerTests.swift */; };
		96BCD0012C870087004F7CA7 /* habit_trackerUITests.swift in Sources */ = {isa = PBXBuildFile; fileRef = 96BCD0002C870087004F7CA7 /* habit_trackerUITests.swift */; };
		96BCD0032C870087004F7CA7 /* habit_trackerUITestsLaunchTests.swift in Sources */ = {isa = PBXBuildFile; fileRef = 96BCD0022C870087004F7CA7 /* habit_trackerUITestsLaunchTests.swift */; };
/* End PBXBuildFile section */

/* Begin PBXContainerItemProxy section */
		96BCCFF32C870087004F7CA7 /* PBXContainerItemProxy */ = {
			isa = PBXContainerItemProxy;
			containerPortal = 96BCCFD42C870085004F7CA7 /* Project object */;
			proxyType = 1;
			remoteGlobalIDString = 96BCCFDB2C870085004F7CA7;
			remoteInfo = "habit-tracker";
		};
		96BCCFFD2C870087004F7CA7 /* PBXContainerItemProxy */ = {
			isa = PBXContainerItemProxy;
			containerPortal = 96BCCFD42C870085004F7CA7 /* Project object */;
			proxyType = 1;
			remoteGlobalIDString = 96BCCFDB2C870085004F7CA7;
			remoteInfo = "habit-tracker";
		};
/* End PBXContainerItemProxy section */

/* Begin PBXFileReference section */
		96BCCFDC2C870085004F7CA7 /* habit-tracker.app */ = {isa = PBXFileReference; explicitFileType = wrapper.application; includeInIndex = 0; path = "habit-tracker.app"; sourceTree = BUILT_PRODUCTS_DIR; };
		96BCCFDF2C870085004F7CA7 /* AppDelegate.swift */ = {isa = PBXFileReference; lastKnownFileType = sourcecode.swift; path = AppDelegate.swift; sourceTree = "<group>"; };
		96BCCFE12C870085004F7CA7 /* SceneDelegate.swift */ = {isa = PBXFileReference; lastKnownFileType = sourcecode.swift; path = SceneDelegate.swift; sourceTree = "<group>"; };
		96BCCFE32C870085004F7CA7 /* ViewController.swift */ = {isa = PBXFileReference; lastKnownFileType = sourcecode.swift; path = ViewController.swift; sourceTree = "<group>"; };
		96BCCFE62C870085004F7CA7 /* Base */ = {isa = PBXFileReference; lastKnownFileType = file.storyboard; name = Base; path = Base.lproj/Main.storyboard; sourceTree = "<group>"; };
		96BCCFE82C870087004F7CA7 /* Assets.xcassets */ = {isa = PBXFileReference; lastKnownFileType = folder.assetcatalog; path = Assets.xcassets; sourceTree = "<group>"; };
		96BCCFEB2C870087004F7CA7 /* Base */ = {isa = PBXFileReference; lastKnownFileType = file.storyboard; name = Base; path = Base.lproj/LaunchScreen.storyboard; sourceTree = "<group>"; };
		96BCCFED2C870087004F7CA7 /* Info.plist */ = {isa = PBXFileReference; lastKnownFileType = text.plist.xml; path = Info.plist; sourceTree = "<group>"; };
		96BCCFF22C870087004F7CA7 /* habit-trackerTests.xctest */ = {isa = PBXFileReference; explicitFileType = wrapper.cfbundle; includeInIndex = 0; path = "habit-trackerTests.xctest"; sourceTree = BUILT_PRODUCTS_DIR; };
		96BCCFF62C870087004F7CA7 /* habit_trackerTests.swift */ = {isa = PBXFileReference; lastKnownFileType = sourcecode.swift; path = habit_trackerTests.swift; sourceTree = "<group>"; };
		96BCCFFC2C870087004F7CA7 /* habit-trackerUITests.xctest */ = {isa = PBXFileReference; explicitFileType = wrapper.cfbundle; includeInIndex = 0; path = "habit-trackerUITests.xctest"; sourceTree = BUILT_PRODUCTS_DIR; };
		96BCD0002C870087004F7CA7 /* habit_trackerUITests.swift */ = {isa = PBXFileReference; lastKnownFileType = sourcecode.swift; path = habit_trackerUITests.swift; sourceTree = "<group>"; };
		96BCD0022C870087004F7CA7 /* habit_trackerUITestsLaunchTests.swift */ = {isa = PBXFileReference; lastKnownFileType = sourcecode.swift; path = habit_trackerUITestsLaunchTests.swift; sourceTree = "<group>"; };
/* End PBXFileReference section */

/* Begin PBXFrameworksBuildPhase section */
		96BCCFD92C870085004F7CA7 /* Frameworks */ = {
			isa = PBXFrameworksBuildPhase;
			buildActionMask = 2147483647;
			files = (
			);
			runOnlyForDeploymentPostprocessing = 0;
		};
		96BCCFEF2C870087004F7CA7 /* Frameworks */ = {
			isa = PBXFrameworksBuildPhase;
			buildActionMask = 2147483647;
			files = (
			);
			runOnlyForDeploymentPostprocessing = 0;
		};
		96BCCFF92C870087004F7CA7 /* Frameworks */ = {
			isa = PBXFrameworksBuildPhase;
			buildActionMask = 2147483647;
			files = (
			);
			runOnlyForDeploymentPostprocessing = 0;
		};
/* End PBXFrameworksBuildPhase section */

/* Begin PBXGroup section */
		96BCCFD32C870085004F7CA7 = {
			isa = PBXGroup;
			children = (
				96BCCFDE2C870085004F7CA7 /* habit-tracker */,
				96BCCFF52C870087004F7CA7 /* habit-trackerTests */,
				96BCCFFF2C870087004F7CA7 /* habit-trackerUITests */,
				96BCCFDD2C870085004F7CA7 /* Products */,
			);
			sourceTree = "<group>";
		};
		96BCCFDD2C870085004F7CA7 /* Products */ = {
			isa = PBXGroup;
			children = (
				96BCCFDC2C870085004F7CA7 /* habit-tracker.app */,
				96BCCFF22C870087004F7CA7 /* habit-trackerTests.xctest */,
				96BCCFFC2C870087004F7CA7 /* habit-trackerUITests.xctest */,
			);
			name = Products;
			sourceTree = "<group>";
		};
		96BCCFDE2C870085004F7CA7 /* habit-tracker */ = {
			isa = PBXGroup;
			children = (
				96BCCFDF2C870085004F7CA7 /* AppDelegate.swift */,
				96BCCFE12C870085004F7CA7 /* SceneDelegate.swift */,
				96BCCFE32C870085004F7CA7 /* ViewController.swift */,
				96BCCFE52C870085004F7CA7 /* Main.storyboard */,
				96BCCFE82C870087004F7CA7 /* Assets.xcassets */,
				96BCCFEA2C870087004F7CA7 /* LaunchScreen.storyboard */,
				96BCCFED2C870087004F7CA7 /* Info.plist */,
			);
			path = "habit-tracker";
			sourceTree = "<group>";
		};
		96BCCFF52C870087004F7CA7 /* habit-trackerTests */ = {
			isa = PBXGroup;
			children = (
				96BCCFF62C870087004F7CA7 /* habit_trackerTests.swift */,
			);
			path = "habit-trackerTests";
			sourceTree = "<group>";
		};
		96BCCFFF2C870087004F7CA7 /* habit-trackerUITests */ = {
			isa = PBXGroup;
			children = (
				96BCD0002C870087004F7CA7 /* habit_trackerUITests.swift */,
				96BCD0022C870087004F7CA7 /* habit_trackerUITestsLaunchTests.swift */,
			);
			path = "habit-trackerUITests";
			sourceTree = "<group>";
		};
/* End PBXGroup section */

/* Begin PBXNativeTarget section */
		96BCCFDB2C870085004F7CA7 /* habit-tracker */ = {
			isa = PBXNativeTarget;
			buildConfigurationList = 96BCD0062C870087004F7CA7 /* Build configuration list for PBXNativeTarget "habit-tracker" */;
			buildPhases = (
				96BCCFD82C870085004F7CA7 /* Sources */,
				96BCCFD92C870085004F7CA7 /* Frameworks */,
				96BCCFDA2C870085004F7CA7 /* Resources */,
			);
			buildRules = (
			);
			dependencies = (
			);
			name = "habit-tracker";
			productName = "habit-tracker";
			productReference = 96BCCFDC2C870085004F7CA7 /* habit-tracker.app */;
			productType = "com.apple.product-type.application";
		};
		96BCCFF12C870087004F7CA7 /* habit-trackerTests */ = {
			isa = PBXNativeTarget;
			buildConfigurationList = 96BCD0092C870087004F7CA7 /* Build configuration list for PBXNativeTarget "habit-trackerTests" */;
			buildPhases = (
				96BCCFEE2C870087004F7CA7 /* Sources */,
				96BCCFEF2C870087004F7CA7 /* Frameworks */,
				96BCCFF02C870087004F7CA7 /* Resources */,
			);
			buildRules = (
			);
			dependencies = (
				96BCCFF42C870087004F7CA7 /* PBXTargetDependency */,
			);
			name = "habit-trackerTests";
			productName = "habit-trackerTests";
			productReference = 96BCCFF22C870087004F7CA7 /* habit-trackerTests.xctest */;
			productType = "com.apple.product-type.bundle.unit-test";
		};
		96BCCFFB2C870087004F7CA7 /* habit-trackerUITests */ = {
			isa = PBXNativeTarget;
			buildConfigurationList = 96BCD00C2C870087004F7CA7 /* Build configuration list for PBXNativeTarget "habit-trackerUITests" */;
			buildPhases = (
				96BCCFF82C870087004F7CA7 /* Sources */,
				96BCCFF92C870087004F7CA7 /* Frameworks */,
				96BCCFFA2C870087004F7CA7 /* Resources */,
			);
			buildRules = (
			);
			dependencies = (
				96BCCFFE2C870087004F7CA7 /* PBXTargetDependency */,
			);
			name = "habit-trackerUITests";
			productName = "habit-trackerUITests";
			productReference = 96BCCFFC2C870087004F7CA7 /* habit-trackerUITests.xctest */;
			productType = "com.apple.product-type.bundle.ui-testing";
		};
/* End PBXNativeTarget section */

/* Begin PBXProject section */
		96BCCFD42C870085004F7CA7 /* Project object */ = {
			isa = PBXProject;
			attributes = {
				BuildIndependentTargetsInParallel = 1;
				LastSwiftUpdateCheck = 1540;
				LastUpgradeCheck = 1540;
				TargetAttributes = {
					96BCCFDB2C870085004F7CA7 = {
						CreatedOnToolsVersion = 15.4;
					};
					96BCCFF12C870087004F7CA7 = {
						CreatedOnToolsVersion = 15.4;
						TestTargetID = 96BCCFDB2C870085004F7CA7;
					};
					96BCCFFB2C870087004F7CA7 = {
						CreatedOnToolsVersion = 15.4;
						TestTargetID = 96BCCFDB2C870085004F7CA7;
					};
				};
			};
			buildConfigurationList = 96BCCFD72C870085004F7CA7 /* Build configuration list for PBXProject "habit-tracker" */;
			compatibilityVersion = "Xcode 14.0";
			developmentRegion = en;
			hasScannedForEncodings = 0;
			knownRegions = (
				en,
				Base,
			);
			mainGroup = 96BCCFD32C870085004F7CA7;
			productRefGroup = 96BCCFDD2C870085004F7CA7 /* Products */;
			projectDirPath = "";
			projectRoot = "";
			targets = (
				96BCCFDB2C870085004F7CA7 /* habit-tracker */,
				96BCCFF12C870087004F7CA7 /* habit-trackerTests */,
				96BCCFFB2C870087004F7CA7 /* habit-trackerUITests */,
			);
		};
/* End PBXProject section */

/* Begin PBXResourcesBuildPhase section */
		96BCCFDA2C870085004F7CA7 /* Resources */ = {
			isa = PBXResourcesBuildPhase;
			buildActionMask = 2147483647;
			files = (
				96BCCFE92C870087004F7CA7 /* Assets.xcassets in Resources */,
				96BCCFEC2C870087004F7CA7 /* Base in Resources */,
				96BCCFE72C870085004F7CA7 /* Base in Resources */,
			);
			runOnlyForDeploymentPostprocessing = 0;
		};
		96BCCFF02C870087004F7CA7 /* Resources */ = {
			isa = PBXResourcesBuildPhase;
			buildActionMask = 2147483647;
			files = (
			);
			runOnlyForDeploymentPostprocessing = 0;
		};
		96BCCFFA2C870087004F7CA7 /* Resources */ = {
			isa = PBXResourcesBuildPhase;
			buildActionMask = 2147483647;
			files = (
			);
			runOnlyForDeploymentPostprocessing = 0;
		};
/* End PBXResourcesBuildPhase section */

/* Begin PBXSourcesBuildPhase section */
		96BCCFD82C870085004F7CA7 /* Sources */ = {
			isa = PBXSourcesBuildPhase;
			buildActionMask = 2147483647;
			files = (
				96BCCFE42C870085004F7CA7 /* ViewController.swift in Sources */,
				96BCCFE02C870085004F7CA7 /* AppDelegate.swift in Sources */,
				96BCCFE22C870085004F7CA7 /* SceneDelegate.swift in Sources */,
			);
			runOnlyForDeploymentPostprocessing = 0;
		};
		96BCCFEE2C870087004F7CA7 /* Sources */ = {
			isa = PBXSourcesBuildPhase;
			buildActionMask = 2147483647;
			files = (
				96BCCFF72C870087004F7CA7 /* habit_trackerTests.swift in Sources */,
			);
			runOnlyForDeploymentPostprocessing = 0;
		};
		96BCCFF82C870087004F7CA7 /* Sources */ = {
			isa = PBXSourcesBuildPhase;
			buildActionMask = 2147483647;
			files = (
				96BCD0032C870087004F7CA7 /* habit_trackerUITestsLaunchTests.swift in Sources */,
				96BCD0012C870087004F7CA7 /* habit_trackerUITests.swift in Sources */,
			);
			runOnlyForDeploymentPostprocessing = 0;
		};
/* End PBXSourcesBuildPhase section */

/* Begin PBXTargetDependency section */
		96BCCFF42C870087004F7CA7 /* PBXTargetDependency */ = {
			isa = PBXTargetDependency;
			target = 96BCCFDB2C870085004F7CA7 /* habit-tracker */;
			targetProxy = 96BCCFF32C870087004F7CA7 /* PBXContainerItemProxy */;
		};
		96BCCFFE2C870087004F7CA7 /* PBXTargetDependency */ = {
			isa = PBXTargetDependency;
			target = 96BCCFDB2C870085004F7CA7 /* habit-tracker */;
			targetProxy = 96BCCFFD2C870087004F7CA7 /* PBXContainerItemProxy */;
		};
/* End PBXTargetDependency section */

/* Begin PBXVariantGroup section */
		96BCCFE52C870085004F7CA7 /* Main.storyboard */ = {
			isa = PBXVariantGroup;
			children = (
				96BCCFE62C870085004F7CA7 /* Base */,
			);
			name = Main.storyboard;
			sourceTree = "<group>";
		};
		96BCCFEA2C870087004F7CA7 /* LaunchScreen.storyboard */ = {
			isa = PBXVariantGroup;
			children = (
				96BCCFEB2C870087004F7CA7 /* Base */,
			);
			name = LaunchScreen.storyboard;
			sourceTree = "<group>";
		};
/* End PBXVariantGroup section */

/* Begin XCBuildConfiguration section */
		96BCD0042C870087004F7CA7 /* Debug */ = {
			isa = XCBuildConfiguration;
			buildSettings = {
				ALWAYS_SEARCH_USER_PATHS = NO;
				ASSETCATALOG_COMPILER_GENERATE_SWIFT_ASSET_SYMBOL_EXTENSIONS = YES;
				CLANG_ANALYZER_NONNULL = YES;
				CLANG_ANALYZER_NUMBER_OBJECT_CONVERSION = YES_AGGRESSIVE;
				CLANG_CXX_LANGUAGE_STANDARD = "gnu++20";
				CLANG_ENABLE_MODULES = YES;
				CLANG_ENABLE_OBJC_ARC = YES;
				CLANG_ENABLE_OBJC_WEAK = YES;
				CLANG_WARN_BLOCK_CAPTURE_AUTORELEASING = YES;
				CLANG_WARN_BOOL_CONVERSION = YES;
				CLANG_WARN_COMMA = YES;
				CLANG_WARN_CONSTANT_CONVERSION = YES;
				CLANG_WARN_DEPRECATED_OBJC_IMPLEMENTATIONS = YES;
				CLANG_WARN_DIRECT_OBJC_ISA_USAGE = YES_ERROR;
				CLANG_WARN_DOCUMENTATION_COMMENTS = YES;
				CLANG_WARN_EMPTY_BODY = YES;
				CLANG_WARN_ENUM_CONVERSION = YES;
				CLANG_WARN_INFINITE_RECURSION = YES;
				CLANG_WARN_INT_CONVERSION = YES;
				CLANG_WARN_NON_LITERAL_NULL_CONVERSION = YES;
				CLANG_WARN_OBJC_IMPLICIT_RETAIN_SELF = YES;
				CLANG_WARN_OBJC_LITERAL_CONVERSION = YES;
				CLANG_WARN_OBJC_ROOT_CLASS = YES_ERROR;
				CLANG_WARN_QUOTED_INCLUDE_IN_FRAMEWORK_HEADER = YES;
				CLANG_WARN_RANGE_LOOP_ANALYSIS = YES;
				CLANG_WARN_STRICT_PROTOTYPES = YES;
				CLANG_WARN_SUSPICIOUS_MOVE = YES;
				CLANG_WARN_UNGUARDED_AVAILABILITY = YES_AGGRESSIVE;
				CLANG_WARN_UNREACHABLE_CODE = YES;
				CLANG_WARN__DUPLICATE_METHOD_MATCH = YES;
				COPY_PHASE_STRIP = NO;
				DEBUG_INFORMATION_FORMAT = dwarf;
				ENABLE_STRICT_OBJC_MSGSEND = YES;
				ENABLE_TESTABILITY = YES;
				ENABLE_USER_SCRIPT_SANDBOXING = YES;
				GCC_C_LANGUAGE_STANDARD = gnu17;
				GCC_DYNAMIC_NO_PIC = NO;
				GCC_NO_COMMON_BLOCKS = YES;
				GCC_OPTIMIZATION_LEVEL = 0;
				GCC_PREPROCESSOR_DEFINITIONS = (
					"DEBUG=1",
					"$(inherited)",
				);
				GCC_WARN_64_TO_32_BIT_CONVERSION = YES;
				GCC_WARN_ABOUT_RETURN_TYPE = YES_ERROR;
				GCC_WARN_UNDECLARED_SELECTOR = YES;
				GCC_WARN_UNINITIALIZED_AUTOS = YES_AGGRESSIVE;
				GCC_WARN_UNUSED_FUNCTION = YES;
				GCC_WARN_UNUSED_VARIABLE = YES;
				IPHONEOS_DEPLOYMENT_TARGET = 17.5;
				LOCALIZATION_PREFERS_STRING_CATALOGS = YES;
				MTL_ENABLE_DEBUG_INFO = INCLUDE_SOURCE;
				MTL_FAST_MATH = YES;
				ONLY_ACTIVE_ARCH = YES;
				SDKROOT = iphoneos;
				SWIFT_ACTIVE_COMPILATION_CONDITIONS = "DEBUG $(inherited)";
				SWIFT_OPTIMIZATION_LEVEL = "-Onone";
			};
			name = Debug;
		};
		96BCD0052C870087004F7CA7 /* Release */ = {
			isa = XCBuildConfiguration;
			buildSettings = {
				ALWAYS_SEARCH_USER_PATHS = NO;
				ASSETCATALOG_COMPILER_GENERATE_SWIFT_ASSET_SYMBOL_EXTENSIONS = YES;
				CLANG_ANALYZER_NONNULL = YES;
				CLANG_ANALYZER_NUMBER_OBJECT_CONVERSION = YES_AGGRESSIVE;
				CLANG_CXX_LANGUAGE_STANDARD = "gnu++20";
				CLANG_ENABLE_MODULES = YES;
				CLANG_ENABLE_OBJC_ARC = YES;
				CLANG_ENABLE_OBJC_WEAK = YES;
				CLANG_WARN_BLOCK_CAPTURE_AUTORELEASING = YES;
				CLANG_WARN_BOOL_CONVERSION = YES;
				CLANG_WARN_COMMA = YES;
				CLANG_WARN_CONSTANT_CONVERSION = YES;
				CLANG_WARN_DEPRECATED_OBJC_IMPLEMENTATIONS = YES;
				CLANG_WARN_DIRECT_OBJC_ISA_USAGE = YES_ERROR;
				CLANG_WARN_DOCUMENTATION_COMMENTS = YES;
				CLANG_WARN_EMPTY_BODY = YES;
				CLANG_WARN_ENUM_CONVERSION = YES;
				CLANG_WARN_INFINITE_RECURSION = YES;
				CLANG_WARN_INT_CONVERSION = YES;
				CLANG_WARN_NON_LITERAL_NULL_CONVERSION = YES;
				CLANG_WARN_OBJC_IMPLICIT_RETAIN_SELF = YES;
				CLANG_WARN_OBJC_LITERAL_CONVERSION = YES;
				CLANG_WARN_OBJC_ROOT_CLASS = YES_ERROR;
				CLANG_WARN_QUOTED_INCLUDE_IN_FRAMEWORK_HEADER = YES;
				CLANG_WARN_RANGE_LOOP_ANALYSIS = YES;
				CLANG_WARN_STRICT_PROTOTYPES = YES;
				CLANG_WARN_SUSPICIOUS_MOVE = YES;
				CLANG_WARN_UNGUARDED_AVAILABILITY = YES_AGGRESSIVE;
				CLANG_WARN_UNREACHABLE_CODE = YES;
				CLANG_WARN__DUPLICATE_METHOD_MATCH = YES;
				COPY_PHASE_STRIP = NO;
				DEBUG_INFORMATION_FORMAT = "dwarf-with-dsym";
				ENABLE_NS_ASSERTIONS = NO;
				ENABLE_STRICT_OBJC_MSGSEND = YES;
				ENABLE_USER_SCRIPT_SANDBOXING = YES;
				GCC_C_LANGUAGE_STANDARD = gnu17;
				GCC_NO_COMMON_BLOCKS = YES;
				GCC_WARN_64_TO_32_BIT_CONVERSION = YES;
				GCC_WARN_ABOUT_RETURN_TYPE = YES_ERROR;
				GCC_WARN_UNDECLARED_SELECTOR = YES;
				GCC_WARN_UNINITIALIZED_AUTOS = YES_AGGRESSIVE;
				GCC_WARN_UNUSED_FUNCTION = YES;
				GCC_WARN_UNUSED_VARIABLE = YES;
				IPHONEOS_DEPLOYMENT_TARGET = 17.5;
				LOCALIZATION_PREFERS_STRING_CATALOGS = YES;
				MTL_ENABLE_DEBUG_INFO = NO;
				MTL_FAST_MATH = YES;
				SDKROOT = iphoneos;
				SWIFT_COMPILATION_MODE = wholemodule;
				VALIDATE_PRODUCT = YES;
			};
			name = Release;
		};
		96BCD0072C870087004F7CA7 /* Debug */ = {
			isa = XCBuildConfiguration;
			buildSettings = {
				ASSETCATALOG_COMPILER_APPICON_NAME = AppIcon;
				ASSETCATALOG_COMPILER_GLOBAL_ACCENT_COLOR_NAME = AccentColor;
				CODE_SIGN_STYLE = Automatic;
				CURRENT_PROJECT_VERSION = 1;
				DEVELOPMENT_TEAM = N3X2368N7A;
				GENERATE_INFOPLIST_FILE = YES;
				INFOPLIST_FILE = "habit-tracker/Info.plist";
				INFOPLIST_KEY_UIApplicationSupportsIndirectInputEvents = YES;
				INFOPLIST_KEY_UILaunchStoryboardName = LaunchScreen;
				INFOPLIST_KEY_UIMainStoryboardFile = Main;
				INFOPLIST_KEY_UISupportedInterfaceOrientations_iPad = "UIInterfaceOrientationPortrait UIInterfaceOrientationPortraitUpsideDown UIInterfaceOrientationLandscapeLeft UIInterfaceOrientationLandscapeRight";
				INFOPLIST_KEY_UISupportedInterfaceOrientations_iPhone = "UIInterfaceOrientationPortrait UIInterfaceOrientationLandscapeLeft UIInterfaceOrientationLandscapeRight";
				LD_RUNPATH_SEARCH_PATHS = (
					"$(inherited)",
					"@executable_path/Frameworks",
				);
				MARKETING_VERSION = 1.0;
				PRODUCT_BUNDLE_IDENTIFIER = "phuongtnguyen.habit-tracker";
				PRODUCT_NAME = "$(TARGET_NAME)";
				SWIFT_EMIT_LOC_STRINGS = YES;
				SWIFT_VERSION = 5.0;
				TARGETED_DEVICE_FAMILY = "1,2";
			};
			name = Debug;
		};
		96BCD0082C870087004F7CA7 /* Release */ = {
			isa = XCBuildConfiguration;
			buildSettings = {
				ASSETCATALOG_COMPILER_APPICON_NAME = AppIcon;
				ASSETCATALOG_COMPILER_GLOBAL_ACCENT_COLOR_NAME = AccentColor;
				CODE_SIGN_STYLE = Automatic;
				CURRENT_PROJECT_VERSION = 1;
				DEVELOPMENT_TEAM = N3X2368N7A;
				GENERATE_INFOPLIST_FILE = YES;
				INFOPLIST_FILE = "habit-tracker/Info.plist";
				INFOPLIST_KEY_UIApplicationSupportsIndirectInputEvents = YES;
				INFOPLIST_KEY_UILaunchStoryboardName = LaunchScreen;
				INFOPLIST_KEY_UIMainStoryboardFile = Main;
				INFOPLIST_KEY_UISupportedInterfaceOrientations_iPad = "UIInterfaceOrientationPortrait UIInterfaceOrientationPortraitUpsideDown UIInterfaceOrientationLandscapeLeft UIInterfaceOrientationLandscapeRight";
				INFOPLIST_KEY_UISupportedInterfaceOrientations_iPhone = "UIInterfaceOrientationPortrait UIInterfaceOrientationLandscapeLeft UIInterfaceOrientationLandscapeRight";
				LD_RUNPATH_SEARCH_PATHS = (
					"$(inherited)",
					"@executable_path/Frameworks",
				);
				MARKETING_VERSION = 1.0;
				PRODUCT_BUNDLE_IDENTIFIER = "phuongtnguyen.habit-tracker";
				PRODUCT_NAME = "$(TARGET_NAME)";
				SWIFT_EMIT_LOC_STRINGS = YES;
				SWIFT_VERSION = 5.0;
				TARGETED_DEVICE_FAMILY = "1,2";
			};
			name = Release;
		};
		96BCD00A2C870087004F7CA7 /* Debug */ = {
			isa = XCBuildConfiguration;
			buildSettings = {
				ALWAYS_EMBED_SWIFT_STANDARD_LIBRARIES = YES;
				BUNDLE_LOADER = "$(TEST_HOST)";
				CODE_SIGN_STYLE = Automatic;
				CURRENT_PROJECT_VERSION = 1;
				DEVELOPMENT_TEAM = N3X2368N7A;
				GENERATE_INFOPLIST_FILE = YES;
				IPHONEOS_DEPLOYMENT_TARGET = 17.5;
				MARKETING_VERSION = 1.0;
				PRODUCT_BUNDLE_IDENTIFIER = "phuongtnguyen.habit-trackerTests";
				PRODUCT_NAME = "$(TARGET_NAME)";
				SWIFT_EMIT_LOC_STRINGS = NO;
				SWIFT_VERSION = 5.0;
				TARGETED_DEVICE_FAMILY = "1,2";
				TEST_HOST = "$(BUILT_PRODUCTS_DIR)/habit-tracker.app/$(BUNDLE_EXECUTABLE_FOLDER_PATH)/habit-tracker";
			};
			name = Debug;
		};
		96BCD00B2C870087004F7CA7 /* Release */ = {
			isa = XCBuildConfiguration;
			buildSettings = {
				ALWAYS_EMBED_SWIFT_STANDARD_LIBRARIES = YES;
				BUNDLE_LOADER = "$(TEST_HOST)";
				CODE_SIGN_STYLE = Automatic;
				CURRENT_PROJECT_VERSION = 1;
				DEVELOPMENT_TEAM = N3X2368N7A;
				GENERATE_INFOPLIST_FILE = YES;
				IPHONEOS_DEPLOYMENT_TARGET = 17.5;
				MARKETING_VERSION = 1.0;
				PRODUCT_BUNDLE_IDENTIFIER = "phuongtnguyen.habit-trackerTests";
				PRODUCT_NAME = "$(TARGET_NAME)";
				SWIFT_EMIT_LOC_STRINGS = NO;
				SWIFT_VERSION = 5.0;
				TARGETED_DEVICE_FAMILY = "1,2";
				TEST_HOST = "$(BUILT_PRODUCTS_DIR)/habit-tracker.app/$(BUNDLE_EXECUTABLE_FOLDER_PATH)/habit-tracker";
			};
			name = Release;
		};
		96BCD00D2C870087004F7CA7 /* Debug */ = {
			isa = XCBuildConfiguration;
			buildSettings = {
				ALWAYS_EMBED_SWIFT_STANDARD_LIBRARIES = YES;
				CODE_SIGN_STYLE = Automatic;
				CURRENT_PROJECT_VERSION = 1;
				DEVELOPMENT_TEAM = N3X2368N7A;
				GENERATE_INFOPLIST_FILE = YES;
				MARKETING_VERSION = 1.0;
				PRODUCT_BUNDLE_IDENTIFIER = "phuongtnguyen.habit-trackerUITests";
				PRODUCT_NAME = "$(TARGET_NAME)";
				SWIFT_EMIT_LOC_STRINGS = NO;
				SWIFT_VERSION = 5.0;
				TARGETED_DEVICE_FAMILY = "1,2";
				TEST_TARGET_NAME = "habit-tracker";
			};
			name = Debug;
		};
		96BCD00E2C870087004F7CA7 /* Release */ = {
			isa = XCBuildConfiguration;
			buildSettings = {
				ALWAYS_EMBED_SWIFT_STANDARD_LIBRARIES = YES;
				CODE_SIGN_STYLE = Automatic;
				CURRENT_PROJECT_VERSION = 1;
				DEVELOPMENT_TEAM = N3X2368N7A;
				GENERATE_INFOPLIST_FILE = YES;
				MARKETING_VERSION = 1.0;
				PRODUCT_BUNDLE_IDENTIFIER = "phuongtnguyen.habit-trackerUITests";
				PRODUCT_NAME = "$(TARGET_NAME)";
				SWIFT_EMIT_LOC_STRINGS = NO;
				SWIFT_VERSION = 5.0;
				TARGETED_DEVICE_FAMILY = "1,2";
				TEST_TARGET_NAME = "habit-tracker";
			};
			name = Release;
		};
/* End XCBuildConfiguration section */

/* Begin XCConfigurationList section */
		96BCCFD72C870085004F7CA7 /* Build configuration list for PBXProject "habit-tracker" */ = {
			isa = XCConfigurationList;
			buildConfigurations = (
				96BCD0042C870087004F7CA7 /* Debug */,
				96BCD0052C870087004F7CA7 /* Release */,
			);
			defaultConfigurationIsVisible = 0;
			defaultConfigurationName = Release;
		};
		96BCD0062C870087004F7CA7 /* Build configuration list for PBXNativeTarget "habit-tracker" */ = {
			isa = XCConfigurationList;
			buildConfigurations = (
				96BCD0072C870087004F7CA7 /* Debug */,
				96BCD0082C870087004F7CA7 /* Release */,
			);
			defaultConfigurationIsVisible = 0;
			defaultConfigurationName = Release;
		};
		96BCD0092C870087004F7CA7 /* Build configuration list for PBXNativeTarget "habit-trackerTests" */ = {
			isa = XCConfigurationList;
			buildConfigurations = (
				96BCD00A2C870087004F7CA7 /* Debug */,
				96BCD00B2C870087004F7CA7 /* Release */,
			);
			defaultConfigurationIsVisible = 0;
			defaultConfigurationName = Release;
		};
		96BCD00C2C870087004F7CA7 /* Build configuration list for PBXNativeTarget "habit-trackerUITests" */ = {
			isa = XCConfigurationList;
			buildConfigurations = (
				96BCD00D2C870087004F7CA7 /* Debug */,
				96BCD00E2C870087004F7CA7 /* Release */,
			);
			defaultConfigurationIsVisible = 0;
			defaultConfigurationName = Release;
		};
/* End XCConfigurationList section */
	};
	rootObject = 96BCCFD42C870085004F7CA7 /* Project object */;
}
